
Microsoft Visual Studio Solution File, Format Version 12.00
# Visual Studio 15
VisualStudioVersion = 15.0.26403.0
MinimumVisualStudioVersion = 10.0.40219.1
Project("{2150E333-8FDC-42A3-9474-1A3956D46DE8}") = "Domain", "Domain", "{CABD1F8D-BC9A-435C-9A2F-BC88D39F6B97}"
EndProject
Project("{2150E333-8FDC-42A3-9474-1A3956D46DE8}") = "Clients", "Clients", "{BC13729F-232C-46F6-8D03-AD0F9DFBF5BF}"
EndProject
Project("{9A19103F-16F7-4668-BE54-9A1E7A4F7556}") = "NV.Altitude2.Domain", "Domain\NV.Altitude2.Domain\NV.Altitude2.Domain.csproj", "{80794048-256E-42C9-8F60-93DD76864148}"
EndProject
Project("{FAE04EC0-301F-11D3-BF4B-00C04F79EFBC}") = "NV.Altitude2.Tracker", "Clients\NV.Altitude2.Tracker\NV.Altitude2.Tracker.csproj", "{6CCF5ABA-DF59-4E37-BDD2-F2114E57F973}"
EndProject
Global
	GlobalSection(SolutionConfigurationPlatforms) = preSolution
		Debug Tracker - Desktop|Any CPU = Debug Tracker - Desktop|Any CPU
		Debug Tracker - Desktop|ARM = Debug Tracker - Desktop|ARM
		Debug Tracker - Desktop|x64 = Debug Tracker - Desktop|x64
		Debug Tracker - Desktop|x86 = Debug Tracker - Desktop|x86
		Debug Tracker - Device|Any CPU = Debug Tracker - Device|Any CPU
		Debug Tracker - Device|ARM = Debug Tracker - Device|ARM
		Debug Tracker - Device|x64 = Debug Tracker - Device|x64
		Debug Tracker - Device|x86 = Debug Tracker - Device|x86
	EndGlobalSection
	GlobalSection(ProjectConfigurationPlatforms) = postSolution
		{80794048-256E-42C9-8F60-93DD76864148}.Debug Tracker - Desktop|Any CPU.ActiveCfg = Debug|Any CPU
		{80794048-256E-42C9-8F60-93DD76864148}.Debug Tracker - Desktop|Any CPU.Build.0 = Debug|Any CPU
		{80794048-256E-42C9-8F60-93DD76864148}.Debug Tracker - Desktop|ARM.ActiveCfg = Debug|Any CPU
		{80794048-256E-42C9-8F60-93DD76864148}.Debug Tracker - Desktop|ARM.Build.0 = Debug|Any CPU
		{80794048-256E-42C9-8F60-93DD76864148}.Debug Tracker - Desktop|x64.ActiveCfg = Debug|Any CPU
		{80794048-256E-42C9-8F60-93DD76864148}.Debug Tracker - Desktop|x64.Build.0 = Debug|Any CPU
		{80794048-256E-42C9-8F60-93DD76864148}.Debug Tracker - Desktop|x86.ActiveCfg = Debug|Any CPU
		{80794048-256E-42C9-8F60-93DD76864148}.Debug Tracker - Desktop|x86.Build.0 = Debug|Any CPU
		{80794048-256E-42C9-8F60-93DD76864148}.Debug Tracker - Device|Any CPU.ActiveCfg = Debug|Any CPU
		{80794048-256E-42C9-8F60-93DD76864148}.Debug Tracker - Device|Any CPU.Build.0 = Debug|Any CPU
		{80794048-256E-42C9-8F60-93DD76864148}.Debug Tracker - Device|ARM.ActiveCfg = Debug|Any CPU
		{80794048-256E-42C9-8F60-93DD76864148}.Debug Tracker - Device|ARM.Build.0 = Debug|Any CPU
		{80794048-256E-42C9-8F60-93DD76864148}.Debug Tracker - Device|x64.ActiveCfg = Debug|Any CPU
		{80794048-256E-42C9-8F60-93DD76864148}.Debug Tracker - Device|x64.Build.0 = Debug|Any CPU
		{80794048-256E-42C9-8F60-93DD76864148}.Debug Tracker - Device|x86.ActiveCfg = Debug|Any CPU
		{80794048-256E-42C9-8F60-93DD76864148}.Debug Tracker - Device|x86.Build.0 = Debug|Any CPU
		{6CCF5ABA-DF59-4E37-BDD2-F2114E57F973}.Debug Tracker - Desktop|Any CPU.ActiveCfg = Debug|x64
		{6CCF5ABA-DF59-4E37-BDD2-F2114E57F973}.Debug Tracker - Desktop|Any CPU.Build.0 = Debug|x64
		{6CCF5ABA-DF59-4E37-BDD2-F2114E57F973}.Debug Tracker - Desktop|Any CPU.Deploy.0 = Debug|x64
		{6CCF5ABA-DF59-4E37-BDD2-F2114E57F973}.Debug Tracker - Desktop|ARM.ActiveCfg = Debug|ARM
		{6CCF5ABA-DF59-4E37-BDD2-F2114E57F973}.Debug Tracker - Desktop|ARM.Build.0 = Debug|ARM
		{6CCF5ABA-DF59-4E37-BDD2-F2114E57F973}.Debug Tracker - Desktop|ARM.Deploy.0 = Debug|ARM
		{6CCF5ABA-DF59-4E37-BDD2-F2114E57F973}.Debug Tracker - Desktop|x64.ActiveCfg = Debug|x64
		{6CCF5ABA-DF59-4E37-BDD2-F2114E57F973}.Debug Tracker - Desktop|x64.Build.0 = Debug|x64
		{6CCF5ABA-DF59-4E37-BDD2-F2114E57F973}.Debug Tracker - Desktop|x64.Deploy.0 = Debug|x64
		{6CCF5ABA-DF59-4E37-BDD2-F2114E57F973}.Debug Tracker - Desktop|x86.ActiveCfg = Debug|x86
		{6CCF5ABA-DF59-4E37-BDD2-F2114E57F973}.Debug Tracker - Desktop|x86.Build.0 = Debug|x86
		{6CCF5ABA-DF59-4E37-BDD2-F2114E57F973}.Debug Tracker - Desktop|x86.Deploy.0 = Debug|x86
		{6CCF5ABA-DF59-4E37-BDD2-F2114E57F973}.Debug Tracker - Device|Any CPU.ActiveCfg = Debug|ARM
		{6CCF5ABA-DF59-4E37-BDD2-F2114E57F973}.Debug Tracker - Device|Any CPU.Build.0 = Debug|ARM
		{6CCF5ABA-DF59-4E37-BDD2-F2114E57F973}.Debug Tracker - Device|Any CPU.Deploy.0 = Debug|ARM
		{6CCF5ABA-DF59-4E37-BDD2-F2114E57F973}.Debug Tracker - Device|ARM.ActiveCfg = Debug|ARM
		{6CCF5ABA-DF59-4E37-BDD2-F2114E57F973}.Debug Tracker - Device|ARM.Build.0 = Debug|ARM
		{6CCF5ABA-DF59-4E37-BDD2-F2114E57F973}.Debug Tracker - Device|ARM.Deploy.0 = Debug|ARM
		{6CCF5ABA-DF59-4E37-BDD2-F2114E57F973}.Debug Tracker - Device|x64.ActiveCfg = Debug|x64
		{6CCF5ABA-DF59-4E37-BDD2-F2114E57F973}.Debug Tracker - Device|x64.Build.0 = Debug|x64
		{6CCF5ABA-DF59-4E37-BDD2-F2114E57F973}.Debug Tracker - Device|x64.Deploy.0 = Debug|x64
		{6CCF5ABA-DF59-4E37-BDD2-F2114E57F973}.Debug Tracker - Device|x86.ActiveCfg = Debug|x86
		{6CCF5ABA-DF59-4E37-BDD2-F2114E57F973}.Debug Tracker - Device|x86.Build.0 = Debug|x86
		{6CCF5ABA-DF59-4E37-BDD2-F2114E57F973}.Debug Tracker - Device|x86.Deploy.0 = Debug|x86
	EndGlobalSection
	GlobalSection(SolutionProperties) = preSolution
		HideSolutionNode = FALSE
	EndGlobalSection
	GlobalSection(NestedProjects) = preSolution
		{80794048-256E-42C9-8F60-93DD76864148} = {CABD1F8D-BC9A-435C-9A2F-BC88D39F6B97}
		{6CCF5ABA-DF59-4E37-BDD2-F2114E57F973} = {BC13729F-232C-46F6-8D03-AD0F9DFBF5BF}
	EndGlobalSection
EndGlobal
